// !$*UTF8*$!
{
	archiveVersion = 1;
	classes = {
	};
	objectVersion = 56;
	objects = {

/* Begin PBXBuildFile section */
		4253E3E8290D464100EDE5ED /* AppDelegate.swift in Sources */ = {isa = PBXBuildFile; fileRef = 4253E3E7290D464100EDE5ED /* AppDelegate.swift */; };
		4253E3F1290D464200EDE5ED /* Assets.xcassets in Resources */ = {isa = PBXBuildFile; fileRef = 4253E3F0290D464200EDE5ED /* Assets.xcassets */; };
		4253E3F4290D464200EDE5ED /* LaunchScreen.storyboard in Resources */ = {isa = PBXBuildFile; fileRef = 4253E3F2290D464200EDE5ED /* LaunchScreen.storyboard */; };
		4253E3FF290D464200EDE5ED /* Debtor_iOSTests.swift in Sources */ = {isa = PBXBuildFile; fileRef = 4253E3FE290D464200EDE5ED /* Debtor_iOSTests.swift */; };
		4253E409290D464200EDE5ED /* Debtor_iOSUITests.swift in Sources */ = {isa = PBXBuildFile; fileRef = 4253E408290D464200EDE5ED /* Debtor_iOSUITests.swift */; };
		4253E40B290D464200EDE5ED /* Debtor_iOSUITestsLaunchTests.swift in Sources */ = {isa = PBXBuildFile; fileRef = 4253E40A290D464200EDE5ED /* Debtor_iOSUITestsLaunchTests.swift */; };
		4253E419290D477000EDE5ED /* SnapKit in Frameworks */ = {isa = PBXBuildFile; productRef = 4253E418290D477000EDE5ED /* SnapKit */; };
		4253E41C290D47C800EDE5ED /* Alamofire in Frameworks */ = {isa = PBXBuildFile; productRef = 4253E41B290D47C800EDE5ED /* Alamofire */; };
		4253E42A290D4F1800EDE5ED /* BaseViewController.swift in Sources */ = {isa = PBXBuildFile; fileRef = 4253E429290D4F1800EDE5ED /* BaseViewController.swift */; };
		4253E42F290D4F8900EDE5ED /* LoginScreenView.swift in Sources */ = {isa = PBXBuildFile; fileRef = 4253E42E290D4F8900EDE5ED /* LoginScreenView.swift */; };
		4253E433290D4FBB00EDE5ED /* LoginScreenVC.swift in Sources */ = {isa = PBXBuildFile; fileRef = 4253E432290D4FBB00EDE5ED /* LoginScreenVC.swift */; };
		4253E436290D572000EDE5ED /* loadFromNib.swift in Sources */ = {isa = PBXBuildFile; fileRef = 4253E435290D572000EDE5ED /* loadFromNib.swift */; };
		4253E439290D5BCF00EDE5ED /* SceneDelegate.swift in Sources */ = {isa = PBXBuildFile; fileRef = 4253E438290D5BCF00EDE5ED /* SceneDelegate.swift */; };
		4253E43C290D6DAD00EDE5ED /* LoginProvider.swift in Sources */ = {isa = PBXBuildFile; fileRef = 4253E43B290D6DAD00EDE5ED /* LoginProvider.swift */; };
		4253E43F290D6DD800EDE5ED /* AuthenticatorService.swift in Sources */ = {isa = PBXBuildFile; fileRef = 4253E43E290D6DD800EDE5ED /* AuthenticatorService.swift */; };
		4253E442290D6E0700EDE5ED /* SessionRepository.swift in Sources */ = {isa = PBXBuildFile; fileRef = 4253E441290D6E0700EDE5ED /* SessionRepository.swift */; };
		4253E445290D6E2800EDE5ED /* AccountApiClient.swift in Sources */ = {isa = PBXBuildFile; fileRef = 4253E444290D6E2800EDE5ED /* AccountApiClient.swift */; };
		4253E447290D6E4600EDE5ED /* ApiClient.swift in Sources */ = {isa = PBXBuildFile; fileRef = 4253E446290D6E4600EDE5ED /* ApiClient.swift */; };
		4253E449290D6E6500EDE5ED /* RequestBuilderImpl.swift in Sources */ = {isa = PBXBuildFile; fileRef = 4253E448290D6E6500EDE5ED /* RequestBuilderImpl.swift */; };
		4253E44B290D6E8D00EDE5ED /* Configuration.swift in Sources */ = {isa = PBXBuildFile; fileRef = 4253E44A290D6E8D00EDE5ED /* Configuration.swift */; };
		4253E44F290D6FD500EDE5ED /* KeychainItemAccessibility.swift in Sources */ = {isa = PBXBuildFile; fileRef = 4253E44E290D6FD500EDE5ED /* KeychainItemAccessibility.swift */; };
		4253E451290D6FE400EDE5ED /* KeychainWrapper.swift in Sources */ = {isa = PBXBuildFile; fileRef = 4253E450290D6FE400EDE5ED /* KeychainWrapper.swift */; };
		4253E453290D700C00EDE5ED /* Functions.swift in Sources */ = {isa = PBXBuildFile; fileRef = 4253E452290D700C00EDE5ED /* Functions.swift */; };
		4253E455290D705100EDE5ED /* Types.swift in Sources */ = {isa = PBXBuildFile; fileRef = 4253E454290D705100EDE5ED /* Types.swift */; };
		4253E457290D711C00EDE5ED /* Di.swift in Sources */ = {isa = PBXBuildFile; fileRef = 4253E456290D711C00EDE5ED /* Di.swift */; };
		4253E459290D760D00EDE5ED /* LoginStatusProviderImpl.swift in Sources */ = {isa = PBXBuildFile; fileRef = 4253E458290D760D00EDE5ED /* LoginStatusProviderImpl.swift */; };
		4253E45B290D762B00EDE5ED /* Router.swift in Sources */ = {isa = PBXBuildFile; fileRef = 4253E45A290D762B00EDE5ED /* Router.swift */; };
		4253E45D290D768200EDE5ED /* ProductionConfiguration.swift in Sources */ = {isa = PBXBuildFile; fileRef = 4253E45C290D768200EDE5ED /* ProductionConfiguration.swift */; };
		4253E45F290D76B000EDE5ED /* BaseJSONDecoder.swift in Sources */ = {isa = PBXBuildFile; fileRef = 4253E45E290D76B000EDE5ED /* BaseJSONDecoder.swift */; };
		4253E461290D76DB00EDE5ED /* Coordinator.swift in Sources */ = {isa = PBXBuildFile; fileRef = 4253E460290D76DB00EDE5ED /* Coordinator.swift */; };
		4253E464290D778400EDE5ED /* ApplicationCoordinator.swift in Sources */ = {isa = PBXBuildFile; fileRef = 4253E463290D778400EDE5ED /* ApplicationCoordinator.swift */; };
		4253E466290D77ED00EDE5ED /* StartCoordinator.swift in Sources */ = {isa = PBXBuildFile; fileRef = 4253E465290D77ED00EDE5ED /* StartCoordinator.swift */; };
		4253E468290D784E00EDE5ED /* LoginCoordinator.swift in Sources */ = {isa = PBXBuildFile; fileRef = 4253E467290D784E00EDE5ED /* LoginCoordinator.swift */; };
		4253E46C290D789F00EDE5ED /* TestConfiguration.swift in Sources */ = {isa = PBXBuildFile; fileRef = 4253E46B290D789F00EDE5ED /* TestConfiguration.swift */; };
		4253E46E290D78C800EDE5ED /* ProcessInfoEnvironmentProvider.swift in Sources */ = {isa = PBXBuildFile; fileRef = 4253E46D290D78C800EDE5ED /* ProcessInfoEnvironmentProvider.swift */; };
		4253E470290D78E100EDE5ED /* StartFlow.swift in Sources */ = {isa = PBXBuildFile; fileRef = 4253E46F290D78E100EDE5ED /* StartFlow.swift */; };
		4253E473290D790B00EDE5ED /* DiScreenshotMock.swift in Sources */ = {isa = PBXBuildFile; fileRef = 4253E472290D790B00EDE5ED /* DiScreenshotMock.swift */; };
		4253E475290D793C00EDE5ED /* LoginProviderScreenshotMock.swift in Sources */ = {isa = PBXBuildFile; fileRef = 4253E474290D793C00EDE5ED /* LoginProviderScreenshotMock.swift */; };
		4253E477290D794E00EDE5ED /* LoginStatusProviderScreenshotMock.swift in Sources */ = {isa = PBXBuildFile; fileRef = 4253E476290D794E00EDE5ED /* LoginStatusProviderScreenshotMock.swift */; };
		4253E479290D796F00EDE5ED /* ApplicationCoordinatorScreenshotMock.swift in Sources */ = {isa = PBXBuildFile; fileRef = 4253E478290D796F00EDE5ED /* ApplicationCoordinatorScreenshotMock.swift */; };
/* End PBXBuildFile section */

/* Begin PBXContainerItemProxy section */
		4253E3FB290D464200EDE5ED /* PBXContainerItemProxy */ = {
			isa = PBXContainerItemProxy;
			containerPortal = 4253E3DC290D464100EDE5ED /* Project object */;
			proxyType = 1;
			remoteGlobalIDString = 4253E3E3290D464100EDE5ED;
			remoteInfo = Debtor_iOS;
		};
		4253E405290D464200EDE5ED /* PBXContainerItemProxy */ = {
			isa = PBXContainerItemProxy;
			containerPortal = 4253E3DC290D464100EDE5ED /* Project object */;
			proxyType = 1;
			remoteGlobalIDString = 4253E3E3290D464100EDE5ED;
			remoteInfo = Debtor_iOS;
		};
/* End PBXContainerItemProxy section */

/* Begin PBXFileReference section */
		4253E3E4290D464100EDE5ED /* Debtor_iOS.app */ = {isa = PBXFileReference; explicitFileType = wrapper.application; includeInIndex = 0; path = Debtor_iOS.app; sourceTree = BUILT_PRODUCTS_DIR; };
		4253E3E7290D464100EDE5ED /* AppDelegate.swift */ = {isa = PBXFileReference; lastKnownFileType = sourcecode.swift; path = AppDelegate.swift; sourceTree = "<group>"; };
		4253E3F0290D464200EDE5ED /* Assets.xcassets */ = {isa = PBXFileReference; lastKnownFileType = folder.assetcatalog; path = Assets.xcassets; sourceTree = "<group>"; };
		4253E3F3290D464200EDE5ED /* Base */ = {isa = PBXFileReference; lastKnownFileType = file.storyboard; name = Base; path = Base.lproj/LaunchScreen.storyboard; sourceTree = "<group>"; };
		4253E3F5290D464200EDE5ED /* Info.plist */ = {isa = PBXFileReference; lastKnownFileType = text.plist.xml; path = Info.plist; sourceTree = "<group>"; };
		4253E3FA290D464200EDE5ED /* Debtor_iOSTests.xctest */ = {isa = PBXFileReference; explicitFileType = wrapper.cfbundle; includeInIndex = 0; path = Debtor_iOSTests.xctest; sourceTree = BUILT_PRODUCTS_DIR; };
		4253E3FE290D464200EDE5ED /* Debtor_iOSTests.swift */ = {isa = PBXFileReference; lastKnownFileType = sourcecode.swift; path = Debtor_iOSTests.swift; sourceTree = "<group>"; };
		4253E404290D464200EDE5ED /* Debtor_iOSUITests.xctest */ = {isa = PBXFileReference; explicitFileType = wrapper.cfbundle; includeInIndex = 0; path = Debtor_iOSUITests.xctest; sourceTree = BUILT_PRODUCTS_DIR; };
		4253E408290D464200EDE5ED /* Debtor_iOSUITests.swift */ = {isa = PBXFileReference; lastKnownFileType = sourcecode.swift; path = Debtor_iOSUITests.swift; sourceTree = "<group>"; };
		4253E40A290D464200EDE5ED /* Debtor_iOSUITestsLaunchTests.swift */ = {isa = PBXFileReference; lastKnownFileType = sourcecode.swift; path = Debtor_iOSUITestsLaunchTests.swift; sourceTree = "<group>"; };
		4253E429290D4F1800EDE5ED /* BaseViewController.swift */ = {isa = PBXFileReference; lastKnownFileType = sourcecode.swift; path = BaseViewController.swift; sourceTree = "<group>"; };
		4253E42E290D4F8900EDE5ED /* LoginScreenView.swift */ = {isa = PBXFileReference; lastKnownFileType = sourcecode.swift; path = LoginScreenView.swift; sourceTree = "<group>"; };
		4253E432290D4FBB00EDE5ED /* LoginScreenVC.swift */ = {isa = PBXFileReference; lastKnownFileType = sourcecode.swift; path = LoginScreenVC.swift; sourceTree = "<group>"; };
		4253E435290D572000EDE5ED /* loadFromNib.swift */ = {isa = PBXFileReference; lastKnownFileType = sourcecode.swift; path = loadFromNib.swift; sourceTree = "<group>"; };
		4253E438290D5BCF00EDE5ED /* SceneDelegate.swift */ = {isa = PBXFileReference; lastKnownFileType = sourcecode.swift; path = SceneDelegate.swift; sourceTree = "<group>"; };
		4253E43B290D6DAD00EDE5ED /* LoginProvider.swift */ = {isa = PBXFileReference; lastKnownFileType = sourcecode.swift; path = LoginProvider.swift; sourceTree = "<group>"; };
		4253E43E290D6DD800EDE5ED /* AuthenticatorService.swift */ = {isa = PBXFileReference; lastKnownFileType = sourcecode.swift; path = AuthenticatorService.swift; sourceTree = "<group>"; };
		4253E441290D6E0700EDE5ED /* SessionRepository.swift */ = {isa = PBXFileReference; lastKnownFileType = sourcecode.swift; path = SessionRepository.swift; sourceTree = "<group>"; };
		4253E444290D6E2800EDE5ED /* AccountApiClient.swift */ = {isa = PBXFileReference; lastKnownFileType = sourcecode.swift; path = AccountApiClient.swift; sourceTree = "<group>"; };
		4253E446290D6E4600EDE5ED /* ApiClient.swift */ = {isa = PBXFileReference; lastKnownFileType = sourcecode.swift; path = ApiClient.swift; sourceTree = "<group>"; };
		4253E448290D6E6500EDE5ED /* RequestBuilderImpl.swift */ = {isa = PBXFileReference; lastKnownFileType = sourcecode.swift; path = RequestBuilderImpl.swift; sourceTree = "<group>"; };
		4253E44A290D6E8D00EDE5ED /* Configuration.swift */ = {isa = PBXFileReference; lastKnownFileType = sourcecode.swift; path = Configuration.swift; sourceTree = "<group>"; };
		4253E44E290D6FD500EDE5ED /* KeychainItemAccessibility.swift */ = {isa = PBXFileReference; lastKnownFileType = sourcecode.swift; path = KeychainItemAccessibility.swift; sourceTree = "<group>"; };
		4253E450290D6FE400EDE5ED /* KeychainWrapper.swift */ = {isa = PBXFileReference; lastKnownFileType = sourcecode.swift; path = KeychainWrapper.swift; sourceTree = "<group>"; };
		4253E452290D700C00EDE5ED /* Functions.swift */ = {isa = PBXFileReference; lastKnownFileType = sourcecode.swift; path = Functions.swift; sourceTree = "<group>"; };
		4253E454290D705100EDE5ED /* Types.swift */ = {isa = PBXFileReference; lastKnownFileType = sourcecode.swift; path = Types.swift; sourceTree = "<group>"; };
		4253E456290D711C00EDE5ED /* Di.swift */ = {isa = PBXFileReference; lastKnownFileType = sourcecode.swift; path = Di.swift; sourceTree = "<group>"; };
		4253E458290D760D00EDE5ED /* LoginStatusProviderImpl.swift */ = {isa = PBXFileReference; lastKnownFileType = sourcecode.swift; path = LoginStatusProviderImpl.swift; sourceTree = "<group>"; };
		4253E45A290D762B00EDE5ED /* Router.swift */ = {isa = PBXFileReference; lastKnownFileType = sourcecode.swift; path = Router.swift; sourceTree = "<group>"; };
		4253E45C290D768200EDE5ED /* ProductionConfiguration.swift */ = {isa = PBXFileReference; lastKnownFileType = sourcecode.swift; path = ProductionConfiguration.swift; sourceTree = "<group>"; };
		4253E45E290D76B000EDE5ED /* BaseJSONDecoder.swift */ = {isa = PBXFileReference; lastKnownFileType = sourcecode.swift; path = BaseJSONDecoder.swift; sourceTree = "<group>"; };
		4253E460290D76DB00EDE5ED /* Coordinator.swift */ = {isa = PBXFileReference; lastKnownFileType = sourcecode.swift; path = Coordinator.swift; sourceTree = "<group>"; };
		4253E463290D778400EDE5ED /* ApplicationCoordinator.swift */ = {isa = PBXFileReference; lastKnownFileType = sourcecode.swift; path = ApplicationCoordinator.swift; sourceTree = "<group>"; };
		4253E465290D77ED00EDE5ED /* StartCoordinator.swift */ = {isa = PBXFileReference; lastKnownFileType = sourcecode.swift; path = StartCoordinator.swift; sourceTree = "<group>"; };
		4253E467290D784E00EDE5ED /* LoginCoordinator.swift */ = {isa = PBXFileReference; lastKnownFileType = sourcecode.swift; path = LoginCoordinator.swift; sourceTree = "<group>"; };
		4253E46B290D789F00EDE5ED /* TestConfiguration.swift */ = {isa = PBXFileReference; lastKnownFileType = sourcecode.swift; path = TestConfiguration.swift; sourceTree = "<group>"; };
		4253E46D290D78C800EDE5ED /* ProcessInfoEnvironmentProvider.swift */ = {isa = PBXFileReference; lastKnownFileType = sourcecode.swift; path = ProcessInfoEnvironmentProvider.swift; sourceTree = "<group>"; };
		4253E46F290D78E100EDE5ED /* StartFlow.swift */ = {isa = PBXFileReference; lastKnownFileType = sourcecode.swift; path = StartFlow.swift; sourceTree = "<group>"; };
		4253E472290D790B00EDE5ED /* DiScreenshotMock.swift */ = {isa = PBXFileReference; lastKnownFileType = sourcecode.swift; path = DiScreenshotMock.swift; sourceTree = "<group>"; };
		4253E474290D793C00EDE5ED /* LoginProviderScreenshotMock.swift */ = {isa = PBXFileReference; lastKnownFileType = sourcecode.swift; path = LoginProviderScreenshotMock.swift; sourceTree = "<group>"; };
		4253E476290D794E00EDE5ED /* LoginStatusProviderScreenshotMock.swift */ = {isa = PBXFileReference; lastKnownFileType = sourcecode.swift; path = LoginStatusProviderScreenshotMock.swift; sourceTree = "<group>"; };
		4253E478290D796F00EDE5ED /* ApplicationCoordinatorScreenshotMock.swift */ = {isa = PBXFileReference; lastKnownFileType = sourcecode.swift; path = ApplicationCoordinatorScreenshotMock.swift; sourceTree = "<group>"; };
/* End PBXFileReference section */

/* Begin PBXFrameworksBuildPhase section */
		4253E3E1290D464100EDE5ED /* Frameworks */ = {
			isa = PBXFrameworksBuildPhase;
			buildActionMask = 2147483647;
			files = (
				4253E419290D477000EDE5ED /* SnapKit in Frameworks */,
				4253E41C290D47C800EDE5ED /* Alamofire in Frameworks */,
			);
			runOnlyForDeploymentPostprocessing = 0;
		};
		4253E3F7290D464200EDE5ED /* Frameworks */ = {
			isa = PBXFrameworksBuildPhase;
			buildActionMask = 2147483647;
			files = (
			);
			runOnlyForDeploymentPostprocessing = 0;
		};
		4253E401290D464200EDE5ED /* Frameworks */ = {
			isa = PBXFrameworksBuildPhase;
			buildActionMask = 2147483647;
			files = (
			);
			runOnlyForDeploymentPostprocessing = 0;
		};
/* End PBXFrameworksBuildPhase section */

/* Begin PBXGroup section */
		4253E3DB290D464100EDE5ED = {
			isa = PBXGroup;
			children = (
				4253E3E6290D464100EDE5ED /* Debtor_iOS */,
				4253E3FD290D464200EDE5ED /* Debtor_iOSTests */,
				4253E407290D464200EDE5ED /* Debtor_iOSUITests */,
				4253E3E5290D464100EDE5ED /* Products */,
			);
			sourceTree = "<group>";
		};
		4253E3E5290D464100EDE5ED /* Products */ = {
			isa = PBXGroup;
			children = (
				4253E3E4290D464100EDE5ED /* Debtor_iOS.app */,
				4253E3FA290D464200EDE5ED /* Debtor_iOSTests.xctest */,
				4253E404290D464200EDE5ED /* Debtor_iOSUITests.xctest */,
			);
			name = Products;
			sourceTree = "<group>";
		};
		4253E3E6290D464100EDE5ED /* Debtor_iOS */ = {
			isa = PBXGroup;
			children = (
				4253E41D290D483B00EDE5ED /* Application */,
				4253E421290D48F900EDE5ED /* Library */,
				4253E424290D492700EDE5ED /* Configuration */,
				4253E425290D493F00EDE5ED /* Resources */,
				4253E469290D788600EDE5ED /* TestsSpecs */,
			);
			path = Debtor_iOS;
			sourceTree = "<group>";
		};
		4253E3FD290D464200EDE5ED /* Debtor_iOSTests */ = {
			isa = PBXGroup;
			children = (
				4253E3FE290D464200EDE5ED /* Debtor_iOSTests.swift */,
			);
			path = Debtor_iOSTests;
			sourceTree = "<group>";
		};
		4253E407290D464200EDE5ED /* Debtor_iOSUITests */ = {
			isa = PBXGroup;
			children = (
				4253E408290D464200EDE5ED /* Debtor_iOSUITests.swift */,
				4253E40A290D464200EDE5ED /* Debtor_iOSUITestsLaunchTests.swift */,
			);
			path = Debtor_iOSUITests;
			sourceTree = "<group>";
		};
		4253E41D290D483B00EDE5ED /* Application */ = {
			isa = PBXGroup;
			children = (
				4253E420290D485300EDE5ED /* DI */,
				4253E41F290D484D00EDE5ED /* UI */,
				4253E41E290D484600EDE5ED /* Model */,
			);
			path = Application;
			sourceTree = "<group>";
		};
		4253E41E290D484600EDE5ED /* Model */ = {
			isa = PBXGroup;
			children = (
				4253E443290D6E1E00EDE5ED /* ApiClient */,
				4253E440290D6DFE00EDE5ED /* Repository */,
				4253E43D290D6DD300EDE5ED /* Service */,
				4253E43A290D6DA400EDE5ED /* Provider */,
				4253E426290D49D000EDE5ED /* AppDelegate */,
			);
			path = Model;
			sourceTree = "<group>";
		};
		4253E41F290D484D00EDE5ED /* UI */ = {
			isa = PBXGroup;
			children = (
				4253E462290D777400EDE5ED /* Coordinators */,
				4253E42B290D4F7B00EDE5ED /* Screens */,
			);
			path = UI;
			sourceTree = "<group>";
		};
		4253E420290D485300EDE5ED /* DI */ = {
			isa = PBXGroup;
			children = (
				4253E456290D711C00EDE5ED /* Di.swift */,
			);
			path = DI;
			sourceTree = "<group>";
		};
		4253E421290D48F900EDE5ED /* Library */ = {
			isa = PBXGroup;
			children = (
				4253E44C290D6FBF00EDE5ED /* Foundation */,
				4253E422290D490A00EDE5ED /* Coordinator */,
				4253E423290D491400EDE5ED /* UIKIt */,
			);
			path = Library;
			sourceTree = "<group>";
		};
		4253E422290D490A00EDE5ED /* Coordinator */ = {
			isa = PBXGroup;
			children = (
				4253E45A290D762B00EDE5ED /* Router.swift */,
				4253E460290D76DB00EDE5ED /* Coordinator.swift */,
			);
			path = Coordinator;
			sourceTree = "<group>";
		};
		4253E423290D491400EDE5ED /* UIKIt */ = {
			isa = PBXGroup;
			children = (
				4253E427290D4ECE00EDE5ED /* UIViewController */,
				4253E428290D4EE000EDE5ED /* UIVIew */,
			);
			path = UIKIt;
			sourceTree = "<group>";
		};
		4253E424290D492700EDE5ED /* Configuration */ = {
			isa = PBXGroup;
			children = (
				4253E3F5290D464200EDE5ED /* Info.plist */,
				4253E44A290D6E8D00EDE5ED /* Configuration.swift */,
				4253E45C290D768200EDE5ED /* ProductionConfiguration.swift */,
			);
			path = Configuration;
			sourceTree = "<group>";
		};
		4253E425290D493F00EDE5ED /* Resources */ = {
			isa = PBXGroup;
			children = (
				4253E3F2290D464200EDE5ED /* LaunchScreen.storyboard */,
				4253E3F0290D464200EDE5ED /* Assets.xcassets */,
			);
			path = Resources;
			sourceTree = "<group>";
		};
		4253E426290D49D000EDE5ED /* AppDelegate */ = {
			isa = PBXGroup;
			children = (
				4253E3E7290D464100EDE5ED /* AppDelegate.swift */,
				4253E438290D5BCF00EDE5ED /* SceneDelegate.swift */,
			);
			path = AppDelegate;
			sourceTree = "<group>";
		};
		4253E427290D4ECE00EDE5ED /* UIViewController */ = {
			isa = PBXGroup;
			children = (
				4253E429290D4F1800EDE5ED /* BaseViewController.swift */,
			);
			path = UIViewController;
			sourceTree = "<group>";
		};
		4253E428290D4EE000EDE5ED /* UIVIew */ = {
			isa = PBXGroup;
			children = (
				4253E435290D572000EDE5ED /* loadFromNib.swift */,
			);
			path = UIVIew;
			sourceTree = "<group>";
		};
		4253E42B290D4F7B00EDE5ED /* Screens */ = {
			isa = PBXGroup;
			children = (
				4253E42C290D4F8100EDE5ED /* Login */,
			);
			path = Screens;
			sourceTree = "<group>";
		};
		4253E42C290D4F8100EDE5ED /* Login */ = {
			isa = PBXGroup;
			children = (
				4253E430290D4FA400EDE5ED /* Controller */,
				4253E42D290D4F8500EDE5ED /* View */,
			);
			path = Login;
			sourceTree = "<group>";
		};
		4253E42D290D4F8500EDE5ED /* View */ = {
			isa = PBXGroup;
			children = (
				4253E42E290D4F8900EDE5ED /* LoginScreenView.swift */,
			);
			path = View;
			sourceTree = "<group>";
		};
		4253E430290D4FA400EDE5ED /* Controller */ = {
			isa = PBXGroup;
			children = (
				4253E432290D4FBB00EDE5ED /* LoginScreenVC.swift */,
			);
			path = Controller;
			sourceTree = "<group>";
		};
		4253E43A290D6DA400EDE5ED /* Provider */ = {
			isa = PBXGroup;
			children = (
				4253E43B290D6DAD00EDE5ED /* LoginProvider.swift */,
				4253E458290D760D00EDE5ED /* LoginStatusProviderImpl.swift */,
			);
			path = Provider;
			sourceTree = "<group>";
		};
		4253E43D290D6DD300EDE5ED /* Service */ = {
			isa = PBXGroup;
			children = (
				4253E43E290D6DD800EDE5ED /* AuthenticatorService.swift */,
			);
			path = Service;
			sourceTree = "<group>";
		};
		4253E440290D6DFE00EDE5ED /* Repository */ = {
			isa = PBXGroup;
			children = (
				4253E441290D6E0700EDE5ED /* SessionRepository.swift */,
			);
			path = Repository;
			sourceTree = "<group>";
		};
		4253E443290D6E1E00EDE5ED /* ApiClient */ = {
			isa = PBXGroup;
			children = (
				4253E444290D6E2800EDE5ED /* AccountApiClient.swift */,
				4253E446290D6E4600EDE5ED /* ApiClient.swift */,
				4253E448290D6E6500EDE5ED /* RequestBuilderImpl.swift */,
				4253E45E290D76B000EDE5ED /* BaseJSONDecoder.swift */,
			);
			path = ApiClient;
			sourceTree = "<group>";
		};
		4253E44C290D6FBF00EDE5ED /* Foundation */ = {
			isa = PBXGroup;
			children = (
				4253E44D290D6FC800EDE5ED /* Keychain */,
				4253E452290D700C00EDE5ED /* Functions.swift */,
				4253E454290D705100EDE5ED /* Types.swift */,
			);
			path = Foundation;
			sourceTree = "<group>";
		};
		4253E44D290D6FC800EDE5ED /* Keychain */ = {
			isa = PBXGroup;
			children = (
				4253E44E290D6FD500EDE5ED /* KeychainItemAccessibility.swift */,
				4253E450290D6FE400EDE5ED /* KeychainWrapper.swift */,
			);
			path = Keychain;
			sourceTree = "<group>";
		};
		4253E462290D777400EDE5ED /* Coordinators */ = {
			isa = PBXGroup;
			children = (
				4253E463290D778400EDE5ED /* ApplicationCoordinator.swift */,
				4253E465290D77ED00EDE5ED /* StartCoordinator.swift */,
				4253E467290D784E00EDE5ED /* LoginCoordinator.swift */,
			);
			path = Coordinators;
			sourceTree = "<group>";
		};
		4253E469290D788600EDE5ED /* TestsSpecs */ = {
			isa = PBXGroup;
			children = (
				4253E471290D78FE00EDE5ED /* Mocks */,
				4253E46A290D789800EDE5ED /* Environment */,
			);
			path = TestsSpecs;
			sourceTree = "<group>";
		};
		4253E46A290D789800EDE5ED /* Environment */ = {
			isa = PBXGroup;
			children = (
				4253E46B290D789F00EDE5ED /* TestConfiguration.swift */,
				4253E46D290D78C800EDE5ED /* ProcessInfoEnvironmentProvider.swift */,
				4253E46F290D78E100EDE5ED /* StartFlow.swift */,
			);
			path = Environment;
			sourceTree = "<group>";
		};
		4253E471290D78FE00EDE5ED /* Mocks */ = {
			isa = PBXGroup;
			children = (
				4253E472290D790B00EDE5ED /* DiScreenshotMock.swift */,
				4253E474290D793C00EDE5ED /* LoginProviderScreenshotMock.swift */,
				4253E476290D794E00EDE5ED /* LoginStatusProviderScreenshotMock.swift */,
				4253E478290D796F00EDE5ED /* ApplicationCoordinatorScreenshotMock.swift */,
			);
			path = Mocks;
			sourceTree = "<group>";
		};
/* End PBXGroup section */

/* Begin PBXNativeTarget section */
		4253E3E3290D464100EDE5ED /* Debtor_iOS */ = {
			isa = PBXNativeTarget;
			buildConfigurationList = 4253E40E290D464200EDE5ED /* Build configuration list for PBXNativeTarget "Debtor_iOS" */;
			buildPhases = (
				4253E3E0290D464100EDE5ED /* Sources */,
				4253E3E1290D464100EDE5ED /* Frameworks */,
				4253E3E2290D464100EDE5ED /* Resources */,
			);
			buildRules = (
			);
			dependencies = (
			);
			name = Debtor_iOS;
			packageProductDependencies = (
				4253E418290D477000EDE5ED /* SnapKit */,
				4253E41B290D47C800EDE5ED /* Alamofire */,
			);
			productName = Debtor_iOS;
			productReference = 4253E3E4290D464100EDE5ED /* Debtor_iOS.app */;
			productType = "com.apple.product-type.application";
		};
		4253E3F9290D464200EDE5ED /* Debtor_iOSTests */ = {
			isa = PBXNativeTarget;
			buildConfigurationList = 4253E411290D464200EDE5ED /* Build configuration list for PBXNativeTarget "Debtor_iOSTests" */;
			buildPhases = (
				4253E3F6290D464200EDE5ED /* Sources */,
				4253E3F7290D464200EDE5ED /* Frameworks */,
				4253E3F8290D464200EDE5ED /* Resources */,
			);
			buildRules = (
			);
			dependencies = (
				4253E3FC290D464200EDE5ED /* PBXTargetDependency */,
			);
			name = Debtor_iOSTests;
			productName = Debtor_iOSTests;
			productReference = 4253E3FA290D464200EDE5ED /* Debtor_iOSTests.xctest */;
			productType = "com.apple.product-type.bundle.unit-test";
		};
		4253E403290D464200EDE5ED /* Debtor_iOSUITests */ = {
			isa = PBXNativeTarget;
			buildConfigurationList = 4253E414290D464200EDE5ED /* Build configuration list for PBXNativeTarget "Debtor_iOSUITests" */;
			buildPhases = (
				4253E400290D464200EDE5ED /* Sources */,
				4253E401290D464200EDE5ED /* Frameworks */,
				4253E402290D464200EDE5ED /* Resources */,
			);
			buildRules = (
			);
			dependencies = (
				4253E406290D464200EDE5ED /* PBXTargetDependency */,
			);
			name = Debtor_iOSUITests;
			productName = Debtor_iOSUITests;
			productReference = 4253E404290D464200EDE5ED /* Debtor_iOSUITests.xctest */;
			productType = "com.apple.product-type.bundle.ui-testing";
		};
/* End PBXNativeTarget section */

/* Begin PBXProject section */
		4253E3DC290D464100EDE5ED /* Project object */ = {
			isa = PBXProject;
			attributes = {
				BuildIndependentTargetsInParallel = 1;
				LastSwiftUpdateCheck = 1400;
				LastUpgradeCheck = 1400;
				TargetAttributes = {
					4253E3E3290D464100EDE5ED = {
						CreatedOnToolsVersion = 14.0.1;
					};
					4253E3F9290D464200EDE5ED = {
						CreatedOnToolsVersion = 14.0.1;
						TestTargetID = 4253E3E3290D464100EDE5ED;
					};
					4253E403290D464200EDE5ED = {
						CreatedOnToolsVersion = 14.0.1;
						TestTargetID = 4253E3E3290D464100EDE5ED;
					};
				};
			};
			buildConfigurationList = 4253E3DF290D464100EDE5ED /* Build configuration list for PBXProject "Debtor_iOS" */;
			compatibilityVersion = "Xcode 14.0";
			developmentRegion = en;
			hasScannedForEncodings = 0;
			knownRegions = (
				en,
				Base,
			);
			mainGroup = 4253E3DB290D464100EDE5ED;
			packageReferences = (
				4253E417290D477000EDE5ED /* XCRemoteSwiftPackageReference "SnapKit" */,
				4253E41A290D47C800EDE5ED /* XCRemoteSwiftPackageReference "Alamofire" */,
			);
			productRefGroup = 4253E3E5290D464100EDE5ED /* Products */;
			projectDirPath = "";
			projectRoot = "";
			targets = (
				4253E3E3290D464100EDE5ED /* Debtor_iOS */,
				4253E3F9290D464200EDE5ED /* Debtor_iOSTests */,
				4253E403290D464200EDE5ED /* Debtor_iOSUITests */,
			);
		};
/* End PBXProject section */

/* Begin PBXResourcesBuildPhase section */
		4253E3E2290D464100EDE5ED /* Resources */ = {
			isa = PBXResourcesBuildPhase;
			buildActionMask = 2147483647;
			files = (
				4253E3F4290D464200EDE5ED /* LaunchScreen.storyboard in Resources */,
				4253E3F1290D464200EDE5ED /* Assets.xcassets in Resources */,
			);
			runOnlyForDeploymentPostprocessing = 0;
		};
		4253E3F8290D464200EDE5ED /* Resources */ = {
			isa = PBXResourcesBuildPhase;
			buildActionMask = 2147483647;
			files = (
			);
			runOnlyForDeploymentPostprocessing = 0;
		};
		4253E402290D464200EDE5ED /* Resources */ = {
			isa = PBXResourcesBuildPhase;
			buildActionMask = 2147483647;
			files = (
			);
			runOnlyForDeploymentPostprocessing = 0;
		};
/* End PBXResourcesBuildPhase section */

/* Begin PBXSourcesBuildPhase section */
		4253E3E0290D464100EDE5ED /* Sources */ = {
			isa = PBXSourcesBuildPhase;
			buildActionMask = 2147483647;
			files = (
				4253E447290D6E4600EDE5ED /* ApiClient.swift in Sources */,
				4253E479290D796F00EDE5ED /* ApplicationCoordinatorScreenshotMock.swift in Sources */,
				4253E43C290D6DAD00EDE5ED /* LoginProvider.swift in Sources */,
				4253E46E290D78C800EDE5ED /* ProcessInfoEnvironmentProvider.swift in Sources */,
				4253E45D290D768200EDE5ED /* ProductionConfiguration.swift in Sources */,
				4253E457290D711C00EDE5ED /* Di.swift in Sources */,
				4253E468290D784E00EDE5ED /* LoginCoordinator.swift in Sources */,
				4253E473290D790B00EDE5ED /* DiScreenshotMock.swift in Sources */,
				4253E43F290D6DD800EDE5ED /* AuthenticatorService.swift in Sources */,
				4253E455290D705100EDE5ED /* Types.swift in Sources */,
				4253E453290D700C00EDE5ED /* Functions.swift in Sources */,
				4253E433290D4FBB00EDE5ED /* LoginScreenVC.swift in Sources */,
				4253E436290D572000EDE5ED /* loadFromNib.swift in Sources */,
				4253E46C290D789F00EDE5ED /* TestConfiguration.swift in Sources */,
				4253E459290D760D00EDE5ED /* LoginStatusProviderImpl.swift in Sources */,
				4253E475290D793C00EDE5ED /* LoginProviderScreenshotMock.swift in Sources */,
				4253E44F290D6FD500EDE5ED /* KeychainItemAccessibility.swift in Sources */,
				4253E45F290D76B000EDE5ED /* BaseJSONDecoder.swift in Sources */,
				4253E442290D6E0700EDE5ED /* SessionRepository.swift in Sources */,
				4253E477290D794E00EDE5ED /* LoginStatusProviderScreenshotMock.swift in Sources */,
				4253E42F290D4F8900EDE5ED /* LoginScreenView.swift in Sources */,
				4253E45B290D762B00EDE5ED /* Router.swift in Sources */,
				4253E44B290D6E8D00EDE5ED /* Configuration.swift in Sources */,
				4253E451290D6FE400EDE5ED /* KeychainWrapper.swift in Sources */,
				4253E466290D77ED00EDE5ED /* StartCoordinator.swift in Sources */,
				4253E461290D76DB00EDE5ED /* Coordinator.swift in Sources */,
				4253E3E8290D464100EDE5ED /* AppDelegate.swift in Sources */,
				4253E445290D6E2800EDE5ED /* AccountApiClient.swift in Sources */,
				4253E470290D78E100EDE5ED /* StartFlow.swift in Sources */,
				4253E449290D6E6500EDE5ED /* RequestBuilderImpl.swift in Sources */,
				4253E42A290D4F1800EDE5ED /* BaseViewController.swift in Sources */,
				4253E439290D5BCF00EDE5ED /* SceneDelegate.swift in Sources */,
				4253E464290D778400EDE5ED /* ApplicationCoordinator.swift in Sources */,
			);
			runOnlyForDeploymentPostprocessing = 0;
		};
		4253E3F6290D464200EDE5ED /* Sources */ = {
			isa = PBXSourcesBuildPhase;
			buildActionMask = 2147483647;
			files = (
				4253E3FF290D464200EDE5ED /* Debtor_iOSTests.swift in Sources */,
			);
			runOnlyForDeploymentPostprocessing = 0;
		};
		4253E400290D464200EDE5ED /* Sources */ = {
			isa = PBXSourcesBuildPhase;
			buildActionMask = 2147483647;
			files = (
				4253E40B290D464200EDE5ED /* Debtor_iOSUITestsLaunchTests.swift in Sources */,
				4253E409290D464200EDE5ED /* Debtor_iOSUITests.swift in Sources */,
			);
			runOnlyForDeploymentPostprocessing = 0;
		};
/* End PBXSourcesBuildPhase section */

/* Begin PBXTargetDependency section */
		4253E3FC290D464200EDE5ED /* PBXTargetDependency */ = {
			isa = PBXTargetDependency;
			target = 4253E3E3290D464100EDE5ED /* Debtor_iOS */;
			targetProxy = 4253E3FB290D464200EDE5ED /* PBXContainerItemProxy */;
		};
		4253E406290D464200EDE5ED /* PBXTargetDependency */ = {
			isa = PBXTargetDependency;
			target = 4253E3E3290D464100EDE5ED /* Debtor_iOS */;
			targetProxy = 4253E405290D464200EDE5ED /* PBXContainerItemProxy */;
		};
/* End PBXTargetDependency section */

/* Begin PBXVariantGroup section */
		4253E3F2290D464200EDE5ED /* LaunchScreen.storyboard */ = {
			isa = PBXVariantGroup;
			children = (
				4253E3F3290D464200EDE5ED /* Base */,
			);
			name = LaunchScreen.storyboard;
			sourceTree = "<group>";
		};
/* End PBXVariantGroup section */

/* Begin XCBuildConfiguration section */
		4253E40C290D464200EDE5ED /* Debug */ = {
			isa = XCBuildConfiguration;
			buildSettings = {
				ALWAYS_SEARCH_USER_PATHS = NO;
				CLANG_ANALYZER_NONNULL = YES;
				CLANG_ANALYZER_NUMBER_OBJECT_CONVERSION = YES_AGGRESSIVE;
				CLANG_CXX_LANGUAGE_STANDARD = "gnu++20";
				CLANG_ENABLE_MODULES = YES;
				CLANG_ENABLE_OBJC_ARC = YES;
				CLANG_ENABLE_OBJC_WEAK = YES;
				CLANG_WARN_BLOCK_CAPTURE_AUTORELEASING = YES;
				CLANG_WARN_BOOL_CONVERSION = YES;
				CLANG_WARN_COMMA = YES;
				CLANG_WARN_CONSTANT_CONVERSION = YES;
				CLANG_WARN_DEPRECATED_OBJC_IMPLEMENTATIONS = YES;
				CLANG_WARN_DIRECT_OBJC_ISA_USAGE = YES_ERROR;
				CLANG_WARN_DOCUMENTATION_COMMENTS = YES;
				CLANG_WARN_EMPTY_BODY = YES;
				CLANG_WARN_ENUM_CONVERSION = YES;
				CLANG_WARN_INFINITE_RECURSION = YES;
				CLANG_WARN_INT_CONVERSION = YES;
				CLANG_WARN_NON_LITERAL_NULL_CONVERSION = YES;
				CLANG_WARN_OBJC_IMPLICIT_RETAIN_SELF = YES;
				CLANG_WARN_OBJC_LITERAL_CONVERSION = YES;
				CLANG_WARN_OBJC_ROOT_CLASS = YES_ERROR;
				CLANG_WARN_QUOTED_INCLUDE_IN_FRAMEWORK_HEADER = YES;
				CLANG_WARN_RANGE_LOOP_ANALYSIS = YES;
				CLANG_WARN_STRICT_PROTOTYPES = YES;
				CLANG_WARN_SUSPICIOUS_MOVE = YES;
				CLANG_WARN_UNGUARDED_AVAILABILITY = YES_AGGRESSIVE;
				CLANG_WARN_UNREACHABLE_CODE = YES;
				CLANG_WARN__DUPLICATE_METHOD_MATCH = YES;
				COPY_PHASE_STRIP = NO;
				DEBUG_INFORMATION_FORMAT = dwarf;
				ENABLE_STRICT_OBJC_MSGSEND = YES;
				ENABLE_TESTABILITY = YES;
				GCC_C_LANGUAGE_STANDARD = gnu11;
				GCC_DYNAMIC_NO_PIC = NO;
				GCC_NO_COMMON_BLOCKS = YES;
				GCC_OPTIMIZATION_LEVEL = 0;
				GCC_PREPROCESSOR_DEFINITIONS = (
					"DEBUG=1",
					"$(inherited)",
				);
				GCC_WARN_64_TO_32_BIT_CONVERSION = YES;
				GCC_WARN_ABOUT_RETURN_TYPE = YES_ERROR;
				GCC_WARN_UNDECLARED_SELECTOR = YES;
				GCC_WARN_UNINITIALIZED_AUTOS = YES_AGGRESSIVE;
				GCC_WARN_UNUSED_FUNCTION = YES;
				GCC_WARN_UNUSED_VARIABLE = YES;
				IPHONEOS_DEPLOYMENT_TARGET = 16.0;
				MTL_ENABLE_DEBUG_INFO = INCLUDE_SOURCE;
				MTL_FAST_MATH = YES;
				ONLY_ACTIVE_ARCH = YES;
				SDKROOT = iphoneos;
				SWIFT_ACTIVE_COMPILATION_CONDITIONS = DEBUG;
				SWIFT_OPTIMIZATION_LEVEL = "-Onone";
			};
			name = Debug;
		};
		4253E40D290D464200EDE5ED /* Release */ = {
			isa = XCBuildConfiguration;
			buildSettings = {
				ALWAYS_SEARCH_USER_PATHS = NO;
				CLANG_ANALYZER_NONNULL = YES;
				CLANG_ANALYZER_NUMBER_OBJECT_CONVERSION = YES_AGGRESSIVE;
				CLANG_CXX_LANGUAGE_STANDARD = "gnu++20";
				CLANG_ENABLE_MODULES = YES;
				CLANG_ENABLE_OBJC_ARC = YES;
				CLANG_ENABLE_OBJC_WEAK = YES;
				CLANG_WARN_BLOCK_CAPTURE_AUTORELEASING = YES;
				CLANG_WARN_BOOL_CONVERSION = YES;
				CLANG_WARN_COMMA = YES;
				CLANG_WARN_CONSTANT_CONVERSION = YES;
				CLANG_WARN_DEPRECATED_OBJC_IMPLEMENTATIONS = YES;
				CLANG_WARN_DIRECT_OBJC_ISA_USAGE = YES_ERROR;
				CLANG_WARN_DOCUMENTATION_COMMENTS = YES;
				CLANG_WARN_EMPTY_BODY = YES;
				CLANG_WARN_ENUM_CONVERSION = YES;
				CLANG_WARN_INFINITE_RECURSION = YES;
				CLANG_WARN_INT_CONVERSION = YES;
				CLANG_WARN_NON_LITERAL_NULL_CONVERSION = YES;
				CLANG_WARN_OBJC_IMPLICIT_RETAIN_SELF = YES;
				CLANG_WARN_OBJC_LITERAL_CONVERSION = YES;
				CLANG_WARN_OBJC_ROOT_CLASS = YES_ERROR;
				CLANG_WARN_QUOTED_INCLUDE_IN_FRAMEWORK_HEADER = YES;
				CLANG_WARN_RANGE_LOOP_ANALYSIS = YES;
				CLANG_WARN_STRICT_PROTOTYPES = YES;
				CLANG_WARN_SUSPICIOUS_MOVE = YES;
				CLANG_WARN_UNGUARDED_AVAILABILITY = YES_AGGRESSIVE;
				CLANG_WARN_UNREACHABLE_CODE = YES;
				CLANG_WARN__DUPLICATE_METHOD_MATCH = YES;
				COPY_PHASE_STRIP = NO;
				DEBUG_INFORMATION_FORMAT = "dwarf-with-dsym";
				ENABLE_NS_ASSERTIONS = NO;
				ENABLE_STRICT_OBJC_MSGSEND = YES;
				GCC_C_LANGUAGE_STANDARD = gnu11;
				GCC_NO_COMMON_BLOCKS = YES;
				GCC_WARN_64_TO_32_BIT_CONVERSION = YES;
				GCC_WARN_ABOUT_RETURN_TYPE = YES_ERROR;
				GCC_WARN_UNDECLARED_SELECTOR = YES;
				GCC_WARN_UNINITIALIZED_AUTOS = YES_AGGRESSIVE;
				GCC_WARN_UNUSED_FUNCTION = YES;
				GCC_WARN_UNUSED_VARIABLE = YES;
				IPHONEOS_DEPLOYMENT_TARGET = 16.0;
				MTL_ENABLE_DEBUG_INFO = NO;
				MTL_FAST_MATH = YES;
				SDKROOT = iphoneos;
				SWIFT_COMPILATION_MODE = wholemodule;
				SWIFT_OPTIMIZATION_LEVEL = "-O";
				VALIDATE_PRODUCT = YES;
			};
			name = Release;
		};
		4253E40F290D464200EDE5ED /* Debug */ = {
			isa = XCBuildConfiguration;
			buildSettings = {
				ASSETCATALOG_COMPILER_APPICON_NAME = AppIcon;
				ASSETCATALOG_COMPILER_GLOBAL_ACCENT_COLOR_NAME = AccentColor;
				CODE_SIGN_STYLE = Automatic;
				CURRENT_PROJECT_VERSION = 1;
				DEVELOPMENT_TEAM = 2TB8A2L2F8;
				GENERATE_INFOPLIST_FILE = YES;
				INFOPLIST_FILE = Debtor_iOS/Configuration/Info.plist;
				INFOPLIST_KEY_UIApplicationSupportsIndirectInputEvents = YES;
				INFOPLIST_KEY_UILaunchStoryboardName = LaunchScreen;
				INFOPLIST_KEY_UISupportedInterfaceOrientations = UIInterfaceOrientationPortrait;
				INFOPLIST_KEY_UISupportedInterfaceOrientations_iPad = "UIInterfaceOrientationLandscapeLeft UIInterfaceOrientationLandscapeRight UIInterfaceOrientationPortrait UIInterfaceOrientationPortraitUpsideDown";
				IPHONEOS_DEPLOYMENT_TARGET = 15.0;
				LD_RUNPATH_SEARCH_PATHS = (
					"$(inherited)",
					"@executable_path/Frameworks",
				);
				MARKETING_VERSION = 1.0;
				PRODUCT_BUNDLE_IDENTIFIER = "runtimeios.Debtor-iOS";
				PRODUCT_NAME = "$(TARGET_NAME)";
				SWIFT_EMIT_LOC_STRINGS = YES;
				SWIFT_VERSION = 5.0;
				TARGETED_DEVICE_FAMILY = "1,2";
			};
			name = Debug;
		};
		4253E410290D464200EDE5ED /* Release */ = {
			isa = XCBuildConfiguration;
			buildSettings = {
				ASSETCATALOG_COMPILER_APPICON_NAME = AppIcon;
				ASSETCATALOG_COMPILER_GLOBAL_ACCENT_COLOR_NAME = AccentColor;
				CODE_SIGN_STYLE = Automatic;
				CURRENT_PROJECT_VERSION = 1;
				DEVELOPMENT_TEAM = 2TB8A2L2F8;
				GENERATE_INFOPLIST_FILE = YES;
				INFOPLIST_FILE = Debtor_iOS/Configuration/Info.plist;
				INFOPLIST_KEY_UIApplicationSupportsIndirectInputEvents = YES;
				INFOPLIST_KEY_UILaunchStoryboardName = LaunchScreen;
				INFOPLIST_KEY_UISupportedInterfaceOrientations = UIInterfaceOrientationPortrait;
				INFOPLIST_KEY_UISupportedInterfaceOrientations_iPad = "UIInterfaceOrientationLandscapeLeft UIInterfaceOrientationLandscapeRight UIInterfaceOrientationPortrait UIInterfaceOrientationPortraitUpsideDown";
				IPHONEOS_DEPLOYMENT_TARGET = 15.0;
				LD_RUNPATH_SEARCH_PATHS = (
					"$(inherited)",
					"@executable_path/Frameworks",
				);
				MARKETING_VERSION = 1.0;
				PRODUCT_BUNDLE_IDENTIFIER = "runtimeios.Debtor-iOS";
				PRODUCT_NAME = "$(TARGET_NAME)";
				SWIFT_EMIT_LOC_STRINGS = YES;
				SWIFT_VERSION = 5.0;
				TARGETED_DEVICE_FAMILY = "1,2";
			};
			name = Release;
		};
		4253E412290D464200EDE5ED /* Debug */ = {
			isa = XCBuildConfiguration;
			buildSettings = {
				ALWAYS_EMBED_SWIFT_STANDARD_LIBRARIES = YES;
				BUNDLE_LOADER = "$(TEST_HOST)";
				CODE_SIGN_STYLE = Automatic;
				CURRENT_PROJECT_VERSION = 1;
				DEVELOPMENT_TEAM = 2TB8A2L2F8;
				GENERATE_INFOPLIST_FILE = YES;
				IPHONEOS_DEPLOYMENT_TARGET = 16.0;
				MARKETING_VERSION = 1.0;
				PRODUCT_BUNDLE_IDENTIFIER = "runtimeios.Debtor-iOSTests";
				PRODUCT_NAME = "$(TARGET_NAME)";
				SWIFT_EMIT_LOC_STRINGS = NO;
				SWIFT_VERSION = 5.0;
				TARGETED_DEVICE_FAMILY = "1,2";
				TEST_HOST = "$(BUILT_PRODUCTS_DIR)/Debtor_iOS.app/$(BUNDLE_EXECUTABLE_FOLDER_PATH)/Debtor_iOS";
			};
			name = Debug;
		};
		4253E413290D464200EDE5ED /* Release */ = {
			isa = XCBuildConfiguration;
			buildSettings = {
				ALWAYS_EMBED_SWIFT_STANDARD_LIBRARIES = YES;
				BUNDLE_LOADER = "$(TEST_HOST)";
				CODE_SIGN_STYLE = Automatic;
				CURRENT_PROJECT_VERSION = 1;
				DEVELOPMENT_TEAM = 2TB8A2L2F8;
				GENERATE_INFOPLIST_FILE = YES;
				IPHONEOS_DEPLOYMENT_TARGET = 16.0;
				MARKETING_VERSION = 1.0;
				PRODUCT_BUNDLE_IDENTIFIER = "runtimeios.Debtor-iOSTests";
				PRODUCT_NAME = "$(TARGET_NAME)";
				SWIFT_EMIT_LOC_STRINGS = NO;
				SWIFT_VERSION = 5.0;
				TARGETED_DEVICE_FAMILY = "1,2";
				TEST_HOST = "$(BUILT_PRODUCTS_DIR)/Debtor_iOS.app/$(BUNDLE_EXECUTABLE_FOLDER_PATH)/Debtor_iOS";
			};
			name = Release;
		};
		4253E415290D464200EDE5ED /* Debug */ = {
			isa = XCBuildConfiguration;
			buildSettings = {
				ALWAYS_EMBED_SWIFT_STANDARD_LIBRARIES = YES;
				CODE_SIGN_STYLE = Automatic;
				CURRENT_PROJECT_VERSION = 1;
				DEVELOPMENT_TEAM = 2TB8A2L2F8;
				GENERATE_INFOPLIST_FILE = YES;
				MARKETING_VERSION = 1.0;
				PRODUCT_BUNDLE_IDENTIFIER = "runtimeios.Debtor-iOSUITests";
				PRODUCT_NAME = "$(TARGET_NAME)";
				SWIFT_EMIT_LOC_STRINGS = NO;
				SWIFT_VERSION = 5.0;
				TARGETED_DEVICE_FAMILY = "1,2";
				TEST_TARGET_NAME = Debtor_iOS;
			};
			name = Debug;
		};
		4253E416290D464200EDE5ED /* Release */ = {
			isa = XCBuildConfiguration;
			buildSettings = {
				ALWAYS_EMBED_SWIFT_STANDARD_LIBRARIES = YES;
				CODE_SIGN_STYLE = Automatic;
				CURRENT_PROJECT_VERSION = 1;
				DEVELOPMENT_TEAM = 2TB8A2L2F8;
				GENERATE_INFOPLIST_FILE = YES;
				MARKETING_VERSION = 1.0;
				PRODUCT_BUNDLE_IDENTIFIER = "runtimeios.Debtor-iOSUITests";
				PRODUCT_NAME = "$(TARGET_NAME)";
				SWIFT_EMIT_LOC_STRINGS = NO;
				SWIFT_VERSION = 5.0;
				TARGETED_DEVICE_FAMILY = "1,2";
				TEST_TARGET_NAME = Debtor_iOS;
			};
			name = Release;
		};
/* End XCBuildConfiguration section */

/* Begin XCConfigurationList section */
		4253E3DF290D464100EDE5ED /* Build configuration list for PBXProject "Debtor_iOS" */ = {
			isa = XCConfigurationList;
			buildConfigurations = (
				4253E40C290D464200EDE5ED /* Debug */,
				4253E40D290D464200EDE5ED /* Release */,
			);
			defaultConfigurationIsVisible = 0;
			defaultConfigurationName = Release;
		};
		4253E40E290D464200EDE5ED /* Build configuration list for PBXNativeTarget "Debtor_iOS" */ = {
			isa = XCConfigurationList;
			buildConfigurations = (
				4253E40F290D464200EDE5ED /* Debug */,
				4253E410290D464200EDE5ED /* Release */,
			);
			defaultConfigurationIsVisible = 0;
			defaultConfigurationName = Release;
		};
		4253E411290D464200EDE5ED /* Build configuration list for PBXNativeTarget "Debtor_iOSTests" */ = {
			isa = XCConfigurationList;
			buildConfigurations = (
				4253E412290D464200EDE5ED /* Debug */,
				4253E413290D464200EDE5ED /* Release */,
			);
			defaultConfigurationIsVisible = 0;
			defaultConfigurationName = Release;
		};
		4253E414290D464200EDE5ED /* Build configuration list for PBXNativeTarget "Debtor_iOSUITests" */ = {
			isa = XCConfigurationList;
			buildConfigurations = (
				4253E415290D464200EDE5ED /* Debug */,
				4253E416290D464200EDE5ED /* Release */,
			);
			defaultConfigurationIsVisible = 0;
			defaultConfigurationName = Release;
		};
/* End XCConfigurationList section */

/* Begin XCRemoteSwiftPackageReference section */
		4253E417290D477000EDE5ED /* XCRemoteSwiftPackageReference "SnapKit" */ = {
			isa = XCRemoteSwiftPackageReference;
			repositoryURL = "https://github.com/SnapKit/SnapKit.git";
			requirement = {
				kind = upToNextMajorVersion;
				minimumVersion = 5.0.0;
			};
		};
		4253E41A290D47C800EDE5ED /* XCRemoteSwiftPackageReference "Alamofire" */ = {
			isa = XCRemoteSwiftPackageReference;
			repositoryURL = "https://github.com/Alamofire/Alamofire.git";
			requirement = {
				kind = upToNextMajorVersion;
				minimumVersion = 5.0.0;
			};
		};
/* End XCRemoteSwiftPackageReference section */

/* Begin XCSwiftPackageProductDependency section */
		4253E418290D477000EDE5ED /* SnapKit */ = {
			isa = XCSwiftPackageProductDependency;
			package = 4253E417290D477000EDE5ED /* XCRemoteSwiftPackageReference "SnapKit" */;
			productName = SnapKit;
		};
		4253E41B290D47C800EDE5ED /* Alamofire */ = {
			isa = XCSwiftPackageProductDependency;
			package = 4253E41A290D47C800EDE5ED /* XCRemoteSwiftPackageReference "Alamofire" */;
			productName = Alamofire;
		};
/* End XCSwiftPackageProductDependency section */
	};
	rootObject = 4253E3DC290D464100EDE5ED /* Project object */;
}
